
Microsoft Visual Studio Solution File, Format Version 12.00
# Visual Studio 15
VisualStudioVersion = 15.0.28010.2046
MinimumVisualStudioVersion = 10.0.40219.1
Project("{FAE04EC0-301F-11D3-BF4B-00C04F79EFBC}") = "Kelompok_01.Android", "Kelompok_01\Kelompok_01.Android\Kelompok_01.Android.csproj", "{B24DC548-0769-408C-94C5-203AB2F28744}"
EndProject
Project("{FAE04EC0-301F-11D3-BF4B-00C04F79EFBC}") = "Kelompok_01.iOS", "Kelompok_01\Kelompok_01.iOS\Kelompok_01.iOS.csproj", "{D4359484-A135-427C-8DBD-6D6783176C38}"
EndProject
Project("{FAE04EC0-301F-11D3-BF4B-00C04F79EFBC}") = "Kelompok_01", "Kelompok_01\Kelompok_01\Kelompok_01.csproj", "{3D20978D-0E29-4A6F-A61E-776D7988E608}"
EndProject
Global
	GlobalSection(SolutionConfigurationPlatforms) = preSolution
		Ad-Hoc|Any CPU = Ad-Hoc|Any CPU
		Ad-Hoc|iPhone = Ad-Hoc|iPhone
		Ad-Hoc|iPhoneSimulator = Ad-Hoc|iPhoneSimulator
		AppStore|Any CPU = AppStore|Any CPU
		AppStore|iPhone = AppStore|iPhone
		AppStore|iPhoneSimulator = AppStore|iPhoneSimulator
		Debug|Any CPU = Debug|Any CPU
		Debug|iPhone = Debug|iPhone
		Debug|iPhoneSimulator = Debug|iPhoneSimulator
		Release|Any CPU = Release|Any CPU
		Release|iPhone = Release|iPhone
		Release|iPhoneSimulator = Release|iPhoneSimulator
	EndGlobalSection
	GlobalSection(ProjectConfigurationPlatforms) = postSolution
		{B24DC548-0769-408C-94C5-203AB2F28744}.Ad-Hoc|Any CPU.ActiveCfg = Release|Any CPU
		{B24DC548-0769-408C-94C5-203AB2F28744}.Ad-Hoc|Any CPU.Build.0 = Release|Any CPU
		{B24DC548-0769-408C-94C5-203AB2F28744}.Ad-Hoc|Any CPU.Deploy.0 = Release|Any CPU
		{B24DC548-0769-408C-94C5-203AB2F28744}.Ad-Hoc|iPhone.ActiveCfg = Release|Any CPU
		{B24DC548-0769-408C-94C5-203AB2F28744}.Ad-Hoc|iPhone.Build.0 = Release|Any CPU
		{B24DC548-0769-408C-94C5-203AB2F28744}.Ad-Hoc|iPhone.Deploy.0 = Release|Any CPU
		{B24DC548-0769-408C-94C5-203AB2F28744}.Ad-Hoc|iPhoneSimulator.ActiveCfg = Release|Any CPU
		{B24DC548-0769-408C-94C5-203AB2F28744}.Ad-Hoc|iPhoneSimulator.Build.0 = Release|Any CPU
		{B24DC548-0769-408C-94C5-203AB2F28744}.Ad-Hoc|iPhoneSimulator.Deploy.0 = Release|Any CPU
		{B24DC548-0769-408C-94C5-203AB2F28744}.AppStore|Any CPU.ActiveCfg = Release|Any CPU
		{B24DC548-0769-408C-94C5-203AB2F28744}.AppStore|Any CPU.Build.0 = Release|Any CPU
		{B24DC548-0769-408C-94C5-203AB2F28744}.AppStore|Any CPU.Deploy.0 = Release|Any CPU
		{B24DC548-0769-408C-94C5-203AB2F28744}.AppStore|iPhone.ActiveCfg = Release|Any CPU
		{B24DC548-0769-408C-94C5-203AB2F28744}.AppStore|iPhone.Build.0 = Release|Any CPU
		{B24DC548-0769-408C-94C5-203AB2F28744}.AppStore|iPhone.Deploy.0 = Release|Any CPU
		{B24DC548-0769-408C-94C5-203AB2F28744}.AppStore|iPhoneSimulator.ActiveCfg = Release|Any CPU
		{B24DC548-0769-408C-94C5-203AB2F28744}.AppStore|iPhoneSimulator.Build.0 = Release|Any CPU
		{B24DC548-0769-408C-94C5-203AB2F28744}.AppStore|iPhoneSimulator.Deploy.0 = Release|Any CPU
		{B24DC548-0769-408C-94C5-203AB2F28744}.Debug|Any CPU.ActiveCfg = Debug|Any CPU
		{B24DC548-0769-408C-94C5-203AB2F28744}.Debug|Any CPU.Build.0 = Debug|Any CPU
		{B24DC548-0769-408C-94C5-203AB2F28744}.Debug|Any CPU.Deploy.0 = Debug|Any CPU
		{B24DC548-0769-408C-94C5-203AB2F28744}.Debug|iPhone.ActiveCfg = Debug|Any CPU
		{B24DC548-0769-408C-94C5-203AB2F28744}.Debug|iPhone.Build.0 = Debug|Any CPU
		{B24DC548-0769-408C-94C5-203AB2F28744}.Debug|iPhone.Deploy.0 = Debug|Any CPU
		{B24DC548-0769-408C-94C5-203AB2F28744}.Debug|iPhoneSimulator.ActiveCfg = Debug|Any CPU
		{B24DC548-0769-408C-94C5-203AB2F28744}.Debug|iPhoneSimulator.Build.0 = Debug|Any CPU
		{B24DC548-0769-408C-94C5-203AB2F28744}.Debug|iPhoneSimulator.Deploy.0 = Debug|Any CPU
		{B24DC548-0769-408C-94C5-203AB2F28744}.Release|Any CPU.ActiveCfg = Release|Any CPU
		{B24DC548-0769-408C-94C5-203AB2F28744}.Release|Any CPU.Build.0 = Release|Any CPU
		{B24DC548-0769-408C-94C5-203AB2F28744}.Release|Any CPU.Deploy.0 = Release|Any CPU
		{B24DC548-0769-408C-94C5-203AB2F28744}.Release|iPhone.ActiveCfg = Release|Any CPU
		{B24DC548-0769-408C-94C5-203AB2F28744}.Release|iPhone.Build.0 = Release|Any CPU
		{B24DC548-0769-408C-94C5-203AB2F28744}.Release|iPhone.Deploy.0 = Release|Any CPU
		{B24DC548-0769-408C-94C5-203AB2F28744}.Release|iPhoneSimulator.ActiveCfg = Release|Any CPU
		{B24DC548-0769-408C-94C5-203AB2F28744}.Release|iPhoneSimulator.Build.0 = Release|Any CPU
		{B24DC548-0769-408C-94C5-203AB2F28744}.Release|iPhoneSimulator.Deploy.0 = Release|Any CPU
		{D4359484-A135-427C-8DBD-6D6783176C38}.Ad-Hoc|Any CPU.ActiveCfg = Ad-Hoc|iPhone
		{D4359484-A135-427C-8DBD-6D6783176C38}.Ad-Hoc|Any CPU.Build.0 = Ad-Hoc|iPhone
		{D4359484-A135-427C-8DBD-6D6783176C38}.Ad-Hoc|Any CPU.Deploy.0 = Ad-Hoc|iPhone
		{D4359484-A135-427C-8DBD-6D6783176C38}.Ad-Hoc|iPhone.ActiveCfg = Ad-Hoc|iPhone
		{D4359484-A135-427C-8DBD-6D6783176C38}.Ad-Hoc|iPhone.Build.0 = Ad-Hoc|iPhone
		{D4359484-A135-427C-8DBD-6D6783176C38}.Ad-Hoc|iPhone.Deploy.0 = Ad-Hoc|iPhone
		{D4359484-A135-427C-8DBD-6D6783176C38}.Ad-Hoc|iPhoneSimulator.ActiveCfg = Ad-Hoc|iPhoneSimulator
		{D4359484-A135-427C-8DBD-6D6783176C38}.Ad-Hoc|iPhoneSimulator.Build.0 = Ad-Hoc|iPhoneSimulator
		{D4359484-A135-427C-8DBD-6D6783176C38}.Ad-Hoc|iPhoneSimulator.Deploy.0 = Ad-Hoc|iPhoneSimulator
		{D4359484-A135-427C-8DBD-6D6783176C38}.AppStore|Any CPU.ActiveCfg = AppStore|iPhone
		{D4359484-A135-427C-8DBD-6D6783176C38}.AppStore|Any CPU.Build.0 = AppStore|iPhone
		{D4359484-A135-427C-8DBD-6D6783176C38}.AppStore|Any CPU.Deploy.0 = AppStore|iPhone
		{D4359484-A135-427C-8DBD-6D6783176C38}.AppStore|iPhone.ActiveCfg = AppStore|iPhone
		{D4359484-A135-427C-8DBD-6D6783176C38}.AppStore|iPhone.Build.0 = AppStore|iPhone
		{D4359484-A135-427C-8DBD-6D6783176C38}.AppStore|iPhone.Deploy.0 = AppStore|iPhone
		{D4359484-A135-427C-8DBD-6D6783176C38}.AppStore|iPhoneSimulator.ActiveCfg = AppStore|iPhoneSimulator
		{D4359484-A135-427C-8DBD-6D6783176C38}.AppStore|iPhoneSimulator.Build.0 = AppStore|iPhoneSimulator
		{D4359484-A135-427C-8DBD-6D6783176C38}.AppStore|iPhoneSimulator.Deploy.0 = AppStore|iPhoneSimulator
		{D4359484-A135-427C-8DBD-6D6783176C38}.Debug|Any CPU.ActiveCfg = Debug|iPhoneSimulator
		{D4359484-A135-427C-8DBD-6D6783176C38}.Debug|Any CPU.Build.0 = Debug|iPhoneSimulator
		{D4359484-A135-427C-8DBD-6D6783176C38}.Debug|Any CPU.Deploy.0 = Debug|iPhoneSimulator
		{D4359484-A135-427C-8DBD-6D6783176C38}.Debug|iPhone.ActiveCfg = Debug|iPhone
		{D4359484-A135-427C-8DBD-6D6783176C38}.Debug|iPhone.Build.0 = Debug|iPhone
		{D4359484-A135-427C-8DBD-6D6783176C38}.Debug|iPhone.Deploy.0 = Debug|iPhone
		{D4359484-A135-427C-8DBD-6D6783176C38}.Debug|iPhoneSimulator.ActiveCfg = Debug|iPhoneSimulator
		{D4359484-A135-427C-8DBD-6D6783176C38}.Debug|iPhoneSimulator.Build.0 = Debug|iPhoneSimulator
		{D4359484-A135-427C-8DBD-6D6783176C38}.Debug|iPhoneSimulator.Deploy.0 = Debug|iPhoneSimulator
		{D4359484-A135-427C-8DBD-6D6783176C38}.Release|Any CPU.ActiveCfg = Release|iPhone
		{D4359484-A135-427C-8DBD-6D6783176C38}.Release|Any CPU.Build.0 = Release|iPhone
		{D4359484-A135-427C-8DBD-6D6783176C38}.Release|Any CPU.Deploy.0 = Release|iPhone
		{D4359484-A135-427C-8DBD-6D6783176C38}.Release|iPhone.ActiveCfg = Release|iPhone
		{D4359484-A135-427C-8DBD-6D6783176C38}.Release|iPhone.Build.0 = Release|iPhone
		{D4359484-A135-427C-8DBD-6D6783176C38}.Release|iPhone.Deploy.0 = Release|iPhone
		{D4359484-A135-427C-8DBD-6D6783176C38}.Release|iPhoneSimulator.ActiveCfg = Release|iPhoneSimulator
		{D4359484-A135-427C-8DBD-6D6783176C38}.Release|iPhoneSimulator.Build.0 = Release|iPhoneSimulator
		{D4359484-A135-427C-8DBD-6D6783176C38}.Release|iPhoneSimulator.Deploy.0 = Release|iPhoneSimulator
		{3D20978D-0E29-4A6F-A61E-776D7988E608}.Ad-Hoc|Any CPU.ActiveCfg = Debug|Any CPU
		{3D20978D-0E29-4A6F-A61E-776D7988E608}.Ad-Hoc|Any CPU.Build.0 = Debug|Any CPU
		{3D20978D-0E29-4A6F-A61E-776D7988E608}.Ad-Hoc|Any CPU.Deploy.0 = Debug|Any CPU
		{3D20978D-0E29-4A6F-A61E-776D7988E608}.Ad-Hoc|iPhone.ActiveCfg = Debug|Any CPU
		{3D20978D-0E29-4A6F-A61E-776D7988E608}.Ad-Hoc|iPhone.Build.0 = Debug|Any CPU
		{3D20978D-0E29-4A6F-A61E-776D7988E608}.Ad-Hoc|iPhone.Deploy.0 = Debug|Any CPU
		{3D20978D-0E29-4A6F-A61E-776D7988E608}.Ad-Hoc|iPhoneSimulator.ActiveCfg = Debug|Any CPU
		{3D20978D-0E29-4A6F-A61E-776D7988E608}.Ad-Hoc|iPhoneSimulator.Build.0 = Debug|Any CPU
		{3D20978D-0E29-4A6F-A61E-776D7988E608}.Ad-Hoc|iPhoneSimulator.Deploy.0 = Debug|Any CPU
		{3D20978D-0E29-4A6F-A61E-776D7988E608}.AppStore|Any CPU.ActiveCfg = Debug|Any CPU
		{3D20978D-0E29-4A6F-A61E-776D7988E608}.AppStore|Any CPU.Build.0 = Debug|Any CPU
		{3D20978D-0E29-4A6F-A61E-776D7988E608}.AppStore|Any CPU.Deploy.0 = Debug|Any CPU
		{3D20978D-0E29-4A6F-A61E-776D7988E608}.AppStore|iPhone.ActiveCfg = Debug|Any CPU
		{3D20978D-0E29-4A6F-A61E-776D7988E608}.AppStore|iPhone.Build.0 = Debug|Any CPU
		{3D20978D-0E29-4A6F-A61E-776D7988E608}.AppStore|iPhone.Deploy.0 = Debug|Any CPU
		{3D20978D-0E29-4A6F-A61E-776D7988E608}.AppStore|iPhoneSimulator.ActiveCfg = Debug|Any CPU
		{3D20978D-0E29-4A6F-A61E-776D7988E608}.AppStore|iPhoneSimulator.Build.0 = Debug|Any CPU
		{3D20978D-0E29-4A6F-A61E-776D7988E608}.AppStore|iPhoneSimulator.Deploy.0 = Debug|Any CPU
		{3D20978D-0E29-4A6F-A61E-776D7988E608}.Debug|Any CPU.ActiveCfg = Debug|Any CPU
		{3D20978D-0E29-4A6F-A61E-776D7988E608}.Debug|Any CPU.Build.0 = Debug|Any CPU
		{3D20978D-0E29-4A6F-A61E-776D7988E608}.Debug|Any CPU.Deploy.0 = Debug|Any CPU
		{3D20978D-0E29-4A6F-A61E-776D7988E608}.Debug|iPhone.ActiveCfg = Debug|Any CPU
		{3D20978D-0E29-4A6F-A61E-776D7988E608}.Debug|iPhone.Build.0 = Debug|Any CPU
		{3D20978D-0E29-4A6F-A61E-776D7988E608}.Debug|iPhone.Deploy.0 = Debug|Any CPU
		{3D20978D-0E29-4A6F-A61E-776D7988E608}.Debug|iPhoneSimulator.ActiveCfg = Debug|Any CPU
		{3D20978D-0E29-4A6F-A61E-776D7988E608}.Debug|iPhoneSimulator.Build.0 = Debug|Any CPU
		{3D20978D-0E29-4A6F-A61E-776D7988E608}.Debug|iPhoneSimulator.Deploy.0 = Debug|Any CPU
		{3D20978D-0E29-4A6F-A61E-776D7988E608}.Release|Any CPU.ActiveCfg = Release|Any CPU
		{3D20978D-0E29-4A6F-A61E-776D7988E608}.Release|Any CPU.Build.0 = Release|Any CPU
		{3D20978D-0E29-4A6F-A61E-776D7988E608}.Release|Any CPU.Deploy.0 = Release|Any CPU
		{3D20978D-0E29-4A6F-A61E-776D7988E608}.Release|iPhone.ActiveCfg = Release|Any CPU
		{3D20978D-0E29-4A6F-A61E-776D7988E608}.Release|iPhone.Build.0 = Release|Any CPU
		{3D20978D-0E29-4A6F-A61E-776D7988E608}.Release|iPhone.Deploy.0 = Release|Any CPU
		{3D20978D-0E29-4A6F-A61E-776D7988E608}.Release|iPhoneSimulator.ActiveCfg = Release|Any CPU
		{3D20978D-0E29-4A6F-A61E-776D7988E608}.Release|iPhoneSimulator.Build.0 = Release|Any CPU
		{3D20978D-0E29-4A6F-A61E-776D7988E608}.Release|iPhoneSimulator.Deploy.0 = Release|Any CPU
	EndGlobalSection
	GlobalSection(SolutionProperties) = preSolution
		HideSolutionNode = FALSE
	EndGlobalSection
	GlobalSection(ExtensibilityGlobals) = postSolution
		SolutionGuid = {5A760B05-C708-455A-B04B-5FB1AF1C7825}
	EndGlobalSection
EndGlobal
